
Microsoft Visual Studio Solution File, Format Version 12.00
# Visual Studio 15
Project("{FAE04EC0-301F-11D3-BF4B-00C04F79EFBC}") = "MyData", "MyData\MyData.csproj", "{E1CA7A09-F6B7-4983-81AF-59A0A94CA71D}"
EndProject
Project("{2150E333-8FDC-42A3-9474-1A3956D46DE8}") = "Solution Items", "Solution Items", "{EFB70849-E6F8-4801-8B5C-8AA345F0C24E}"
EndProject
Global
	GlobalSection(SolutionConfigurationPlatforms) = preSolution
		Debug|x86 = Debug|x86
		Release|x86 = Release|x86
	EndGlobalSection
	GlobalSection(ProjectConfigurationPlatforms) = postSolution
		{E1CA7A09-F6B7-4983-81AF-59A0A94CA71D}.Debug|x86.ActiveCfg = Debug|x86
		{E1CA7A09-F6B7-4983-81AF-59A0A94CA71D}.Debug|x86.Build.0 = Debug|x86
		{E1CA7A09-F6B7-4983-81AF-59A0A94CA71D}.Release|x86.ActiveCfg = Release|x86
		{E1CA7A09-F6B7-4983-81AF-59A0A94CA71D}.Release|x86.Build.0 = Release|x86
	EndGlobalSection
EndGlobal
